
Microsoft Visual Studio Solution File, Format Version 12.00
# Visual Studio Version 16
VisualStudioVersion = 16.0.30523.141
MinimumVisualStudioVersion = 10.0.40219.1
Project("{9A19103F-16F7-4668-BE54-9A1E7A4F7556}") = "API", "API\API.csproj", "{6392DE74-96FA-425B-A689-369CCFB039F4}"
EndProject
Project("{9A19103F-16F7-4668-BE54-9A1E7A4F7556}") = "Domain", "Domain\Domain.csproj", "{F1313E98-4AC2-479E-8D70-FABD5273EDFF}"
EndProject
Project("{9A19103F-16F7-4668-BE54-9A1E7A4F7556}") = "Application", "Application\Application.csproj", "{758C557F-CF57-4387-B03E-75AE9EB21D2F}"
EndProject
Project("{FAE04EC0-301F-11D3-BF4B-00C04F79EFBC}") = "Persistence", "Persistence\Persistence.csproj", "{51C2DC11-5A1E-4B44-8F41-2D40C290CC53}"
EndProject
Global
	GlobalSection(SolutionConfigurationPlatforms) = preSolution
		Debug|Any CPU = Debug|Any CPU
		Release|Any CPU = Release|Any CPU
	EndGlobalSection
	GlobalSection(ProjectConfigurationPlatforms) = postSolution
		{6392DE74-96FA-425B-A689-369CCFB039F4}.Debug|Any CPU.ActiveCfg = Debug|Any CPU
		{6392DE74-96FA-425B-A689-369CCFB039F4}.Debug|Any CPU.Build.0 = Debug|Any CPU
		{6392DE74-96FA-425B-A689-369CCFB039F4}.Release|Any CPU.ActiveCfg = Release|Any CPU
		{6392DE74-96FA-425B-A689-369CCFB039F4}.Release|Any CPU.Build.0 = Release|Any CPU
		{F1313E98-4AC2-479E-8D70-FABD5273EDFF}.Debug|Any CPU.ActiveCfg = Debug|Any CPU
		{F1313E98-4AC2-479E-8D70-FABD5273EDFF}.Debug|Any CPU.Build.0 = Debug|Any CPU
		{F1313E98-4AC2-479E-8D70-FABD5273EDFF}.Release|Any CPU.ActiveCfg = Release|Any CPU
		{F1313E98-4AC2-479E-8D70-FABD5273EDFF}.Release|Any CPU.Build.0 = Release|Any CPU
		{758C557F-CF57-4387-B03E-75AE9EB21D2F}.Debug|Any CPU.ActiveCfg = Debug|Any CPU
		{758C557F-CF57-4387-B03E-75AE9EB21D2F}.Debug|Any CPU.Build.0 = Debug|Any CPU
		{758C557F-CF57-4387-B03E-75AE9EB21D2F}.Release|Any CPU.ActiveCfg = Release|Any CPU
		{758C557F-CF57-4387-B03E-75AE9EB21D2F}.Release|Any CPU.Build.0 = Release|Any CPU
		{51C2DC11-5A1E-4B44-8F41-2D40C290CC53}.Debug|Any CPU.ActiveCfg = Debug|Any CPU
		{51C2DC11-5A1E-4B44-8F41-2D40C290CC53}.Debug|Any CPU.Build.0 = Debug|Any CPU
		{51C2DC11-5A1E-4B44-8F41-2D40C290CC53}.Release|Any CPU.ActiveCfg = Release|Any CPU
		{51C2DC11-5A1E-4B44-8F41-2D40C290CC53}.Release|Any CPU.Build.0 = Release|Any CPU
	EndGlobalSection
	GlobalSection(SolutionProperties) = preSolution
		HideSolutionNode = FALSE
	EndGlobalSection
	GlobalSection(ExtensibilityGlobals) = postSolution
		SolutionGuid = {D15E5BC4-8811-4555-BB6A-CFF5E6921C10}
	EndGlobalSection
EndGlobal
